
Microsoft Visual Studio Solution File, Format Version 12.00
# Visual Studio Version 16
VisualStudioVersion = 16.0.31729.503
MinimumVisualStudioVersion = 10.0.40219.1
Project("{FAE04EC0-301F-11D3-BF4B-00C04F79EFBC}") = "CoreWebApi", "CoreWebApi\CoreWebApi.csproj", "{C3832DA8-76FD-4241-B6C6-C47C00BB60CD}"
EndProject
Global
	GlobalSection(SolutionConfigurationPlatforms) = preSolution
		Debug|Any CPU = Debug|Any CPU
		Release|Any CPU = Release|Any CPU
	EndGlobalSection
	GlobalSection(ProjectConfigurationPlatforms) = postSolution
		{C3832DA8-76FD-4241-B6C6-C47C00BB60CD}.Debug|Any CPU.ActiveCfg = Debug|Any CPU
		{C3832DA8-76FD-4241-B6C6-C47C00BB60CD}.Debug|Any CPU.Build.0 = Debug|Any CPU
		{C3832DA8-76FD-4241-B6C6-C47C00BB60CD}.Release|Any CPU.ActiveCfg = Release|Any CPU
		{C3832DA8-76FD-4241-B6C6-C47C00BB60CD}.Release|Any CPU.Build.0 = Release|Any CPU
	EndGlobalSection
	GlobalSection(SolutionProperties) = preSolution
		HideSolutionNode = FALSE
	EndGlobalSection
	GlobalSection(ExtensibilityGlobals) = postSolution
		SolutionGuid = {4F38C172-CC82-4AF8-9C08-DF7F72EFF782}
	EndGlobalSection
EndGlobal
